
Microsoft Visual Studio Solution File, Format Version 12.00
# Visual Studio Version 16
VisualStudioVersion = 16.0.31129.286
MinimumVisualStudioVersion = 10.0.40219.1
Project("{FAE04EC0-301F-11D3-BF4B-00C04F79EFBC}") = "CodeFirstEg", "CodeFirstEg\CodeFirstEg.csproj", "{F6102CFF-4D81-4BD1-B907-35691B26E8DB}"
EndProject
Global
	GlobalSection(SolutionConfigurationPlatforms) = preSolution
		Debug|Any CPU = Debug|Any CPU
		Release|Any CPU = Release|Any CPU
	EndGlobalSection
	GlobalSection(ProjectConfigurationPlatforms) = postSolution
		{F6102CFF-4D81-4BD1-B907-35691B26E8DB}.Debug|Any CPU.ActiveCfg = Debug|Any CPU
		{F6102CFF-4D81-4BD1-B907-35691B26E8DB}.Debug|Any CPU.Build.0 = Debug|Any CPU
		{F6102CFF-4D81-4BD1-B907-35691B26E8DB}.Release|Any CPU.ActiveCfg = Release|Any CPU
		{F6102CFF-4D81-4BD1-B907-35691B26E8DB}.Release|Any CPU.Build.0 = Release|Any CPU
	EndGlobalSection
	GlobalSection(SolutionProperties) = preSolution
		HideSolutionNode = FALSE
	EndGlobalSection
	GlobalSection(ExtensibilityGlobals) = postSolution
		SolutionGuid = {E2BB99AD-F532-4793-9488-5A77D16505A3}
	EndGlobalSection
EndGlobal
