
Microsoft Visual Studio Solution File, Format Version 12.00
# Visual Studio Version 16
VisualStudioVersion = 16.0.31129.286
MinimumVisualStudioVersion = 10.0.40219.1
Project("{FAE04EC0-301F-11D3-BF4B-00C04F79EFBC}") = "UnderstandingLinq", "UnderstandingLinq\UnderstandingLinq.csproj", "{CF273022-C8C4-4684-BD14-3B803E5125F2}"
EndProject
Project("{FAE04EC0-301F-11D3-BF4B-00C04F79EFBC}") = "EFandLinqProject", "EFandLinqProject\EFandLinqProject.csproj", "{7E159A8A-BD84-4029-A6A7-74BEBD700277}"
EndProject
Global
	GlobalSection(SolutionConfigurationPlatforms) = preSolution
		Debug|Any CPU = Debug|Any CPU
		Release|Any CPU = Release|Any CPU
	EndGlobalSection
	GlobalSection(ProjectConfigurationPlatforms) = postSolution
		{CF273022-C8C4-4684-BD14-3B803E5125F2}.Debug|Any CPU.ActiveCfg = Debug|Any CPU
		{CF273022-C8C4-4684-BD14-3B803E5125F2}.Debug|Any CPU.Build.0 = Debug|Any CPU
		{CF273022-C8C4-4684-BD14-3B803E5125F2}.Release|Any CPU.ActiveCfg = Release|Any CPU
		{CF273022-C8C4-4684-BD14-3B803E5125F2}.Release|Any CPU.Build.0 = Release|Any CPU
		{7E159A8A-BD84-4029-A6A7-74BEBD700277}.Debug|Any CPU.ActiveCfg = Debug|Any CPU
		{7E159A8A-BD84-4029-A6A7-74BEBD700277}.Debug|Any CPU.Build.0 = Debug|Any CPU
		{7E159A8A-BD84-4029-A6A7-74BEBD700277}.Release|Any CPU.ActiveCfg = Release|Any CPU
		{7E159A8A-BD84-4029-A6A7-74BEBD700277}.Release|Any CPU.Build.0 = Release|Any CPU
	EndGlobalSection
	GlobalSection(SolutionProperties) = preSolution
		HideSolutionNode = FALSE
	EndGlobalSection
	GlobalSection(ExtensibilityGlobals) = postSolution
		SolutionGuid = {95016725-3CFE-437D-8097-5E5F0E819FB3}
	EndGlobalSection
EndGlobal
