
Microsoft Visual Studio Solution File, Format Version 12.00
# Visual Studio Version 16
VisualStudioVersion = 16.0.31313.79
MinimumVisualStudioVersion = 10.0.40219.1
Project("{FAE04EC0-301F-11D3-BF4B-00C04F79EFBC}") = "ExploreDb", "ExploreDb\ExploreDb.csproj", "{3188197D-F2D1-445E-AF56-E9DC1AFA6293}"
EndProject
Project("{FAE04EC0-301F-11D3-BF4B-00C04F79EFBC}") = "MVCwithADO2", "MVCwithADO2\MVCwithADO2.csproj", "{36F0B79C-6778-427B-AF3A-EEFA2C1ECD11}"
EndProject
Project("{FAE04EC0-301F-11D3-BF4B-00C04F79EFBC}") = "DropDownListWithMVC", "DropDownListWithMVC\DropDownListWithMVC.csproj", "{D18AAF27-D471-491F-94F9-DA8FDE5306C2}"
EndProject
Project("{FAE04EC0-301F-11D3-BF4B-00C04F79EFBC}") = "DDList", "DDList\DDList.csproj", "{ABFDF292-FABB-4CAC-9C2B-CA65606903C3}"
EndProject
Project("{FAE04EC0-301F-11D3-BF4B-00C04F79EFBC}") = "EFWithDropDownList1", "EFWithDropDownList1\EFWithDropDownList1.csproj", "{164DDABA-8BA2-4233-AA31-9293AAAB4998}"
EndProject
Project("{FAE04EC0-301F-11D3-BF4B-00C04F79EFBC}") = "DepartmentTask", "DepartmentTask\DepartmentTask.csproj", "{2564EE00-CE67-4A30-B49B-388339E37C9F}"
EndProject
Project("{FAE04EC0-301F-11D3-BF4B-00C04F79EFBC}") = "ProductTask", "ProductTask\ProductTask.csproj", "{833A1F1B-CC5A-48DA-89EC-2B690C643046}"
EndProject
Global
	GlobalSection(SolutionConfigurationPlatforms) = preSolution
		Debug|Any CPU = Debug|Any CPU
		Release|Any CPU = Release|Any CPU
	EndGlobalSection
	GlobalSection(ProjectConfigurationPlatforms) = postSolution
		{3188197D-F2D1-445E-AF56-E9DC1AFA6293}.Debug|Any CPU.ActiveCfg = Debug|Any CPU
		{3188197D-F2D1-445E-AF56-E9DC1AFA6293}.Debug|Any CPU.Build.0 = Debug|Any CPU
		{3188197D-F2D1-445E-AF56-E9DC1AFA6293}.Release|Any CPU.ActiveCfg = Release|Any CPU
		{3188197D-F2D1-445E-AF56-E9DC1AFA6293}.Release|Any CPU.Build.0 = Release|Any CPU
		{36F0B79C-6778-427B-AF3A-EEFA2C1ECD11}.Debug|Any CPU.ActiveCfg = Debug|Any CPU
		{36F0B79C-6778-427B-AF3A-EEFA2C1ECD11}.Debug|Any CPU.Build.0 = Debug|Any CPU
		{36F0B79C-6778-427B-AF3A-EEFA2C1ECD11}.Release|Any CPU.ActiveCfg = Release|Any CPU
		{36F0B79C-6778-427B-AF3A-EEFA2C1ECD11}.Release|Any CPU.Build.0 = Release|Any CPU
		{D18AAF27-D471-491F-94F9-DA8FDE5306C2}.Debug|Any CPU.ActiveCfg = Debug|Any CPU
		{D18AAF27-D471-491F-94F9-DA8FDE5306C2}.Debug|Any CPU.Build.0 = Debug|Any CPU
		{D18AAF27-D471-491F-94F9-DA8FDE5306C2}.Release|Any CPU.ActiveCfg = Release|Any CPU
		{D18AAF27-D471-491F-94F9-DA8FDE5306C2}.Release|Any CPU.Build.0 = Release|Any CPU
		{ABFDF292-FABB-4CAC-9C2B-CA65606903C3}.Debug|Any CPU.ActiveCfg = Debug|Any CPU
		{ABFDF292-FABB-4CAC-9C2B-CA65606903C3}.Debug|Any CPU.Build.0 = Debug|Any CPU
		{ABFDF292-FABB-4CAC-9C2B-CA65606903C3}.Release|Any CPU.ActiveCfg = Release|Any CPU
		{ABFDF292-FABB-4CAC-9C2B-CA65606903C3}.Release|Any CPU.Build.0 = Release|Any CPU
		{164DDABA-8BA2-4233-AA31-9293AAAB4998}.Debug|Any CPU.ActiveCfg = Debug|Any CPU
		{164DDABA-8BA2-4233-AA31-9293AAAB4998}.Debug|Any CPU.Build.0 = Debug|Any CPU
		{164DDABA-8BA2-4233-AA31-9293AAAB4998}.Release|Any CPU.ActiveCfg = Release|Any CPU
		{164DDABA-8BA2-4233-AA31-9293AAAB4998}.Release|Any CPU.Build.0 = Release|Any CPU
		{2564EE00-CE67-4A30-B49B-388339E37C9F}.Debug|Any CPU.ActiveCfg = Debug|Any CPU
		{2564EE00-CE67-4A30-B49B-388339E37C9F}.Debug|Any CPU.Build.0 = Debug|Any CPU
		{2564EE00-CE67-4A30-B49B-388339E37C9F}.Release|Any CPU.ActiveCfg = Release|Any CPU
		{2564EE00-CE67-4A30-B49B-388339E37C9F}.Release|Any CPU.Build.0 = Release|Any CPU
		{833A1F1B-CC5A-48DA-89EC-2B690C643046}.Debug|Any CPU.ActiveCfg = Debug|Any CPU
		{833A1F1B-CC5A-48DA-89EC-2B690C643046}.Debug|Any CPU.Build.0 = Debug|Any CPU
		{833A1F1B-CC5A-48DA-89EC-2B690C643046}.Release|Any CPU.ActiveCfg = Release|Any CPU
		{833A1F1B-CC5A-48DA-89EC-2B690C643046}.Release|Any CPU.Build.0 = Release|Any CPU
	EndGlobalSection
	GlobalSection(SolutionProperties) = preSolution
		HideSolutionNode = FALSE
	EndGlobalSection
	GlobalSection(ExtensibilityGlobals) = postSolution
		SolutionGuid = {C776DCDE-21EC-45D8-AB86-F6BB9A43D876}
	EndGlobalSection
EndGlobal
