
Microsoft Visual Studio Solution File, Format Version 12.00
# Visual Studio Version 16
VisualStudioVersion = 16.0.31313.79
MinimumVisualStudioVersion = 10.0.40219.1
Project("{FAE04EC0-301F-11D3-BF4B-00C04F79EFBC}") = "ProfileMVc", "ProfileMVc\ProfileMVc.csproj", "{EAC482C7-73C8-46E0-A7B7-8A51E6840998}"
EndProject
Global
	GlobalSection(SolutionConfigurationPlatforms) = preSolution
		Debug|Any CPU = Debug|Any CPU
		Release|Any CPU = Release|Any CPU
	EndGlobalSection
	GlobalSection(ProjectConfigurationPlatforms) = postSolution
		{EAC482C7-73C8-46E0-A7B7-8A51E6840998}.Debug|Any CPU.ActiveCfg = Debug|Any CPU
		{EAC482C7-73C8-46E0-A7B7-8A51E6840998}.Debug|Any CPU.Build.0 = Debug|Any CPU
		{EAC482C7-73C8-46E0-A7B7-8A51E6840998}.Release|Any CPU.ActiveCfg = Release|Any CPU
		{EAC482C7-73C8-46E0-A7B7-8A51E6840998}.Release|Any CPU.Build.0 = Release|Any CPU
	EndGlobalSection
	GlobalSection(SolutionProperties) = preSolution
		HideSolutionNode = FALSE
	EndGlobalSection
	GlobalSection(ExtensibilityGlobals) = postSolution
		SolutionGuid = {64211A85-9470-4E11-9FB3-964D1095DCA2}
	EndGlobalSection
EndGlobal
