
Microsoft Visual Studio Solution File, Format Version 12.00
# Visual Studio Version 16
VisualStudioVersion = 16.0.31129.286
MinimumVisualStudioVersion = 10.0.40219.1
Project("{FAE04EC0-301F-11D3-BF4B-00C04F79EFBC}") = "CARAPI", "CARAPI\CARAPI.csproj", "{4608BCF3-09AA-41B4-92CB-26ACF3B8F9EF}"
EndProject
Global
	GlobalSection(SolutionConfigurationPlatforms) = preSolution
		Debug|Any CPU = Debug|Any CPU
		Release|Any CPU = Release|Any CPU
	EndGlobalSection
	GlobalSection(ProjectConfigurationPlatforms) = postSolution
		{4608BCF3-09AA-41B4-92CB-26ACF3B8F9EF}.Debug|Any CPU.ActiveCfg = Debug|Any CPU
		{4608BCF3-09AA-41B4-92CB-26ACF3B8F9EF}.Debug|Any CPU.Build.0 = Debug|Any CPU
		{4608BCF3-09AA-41B4-92CB-26ACF3B8F9EF}.Release|Any CPU.ActiveCfg = Release|Any CPU
		{4608BCF3-09AA-41B4-92CB-26ACF3B8F9EF}.Release|Any CPU.Build.0 = Release|Any CPU
	EndGlobalSection
	GlobalSection(SolutionProperties) = preSolution
		HideSolutionNode = FALSE
	EndGlobalSection
	GlobalSection(ExtensibilityGlobals) = postSolution
		SolutionGuid = {E2D1550F-5EBC-42EB-9511-55D43F1B273C}
	EndGlobalSection
EndGlobal
