
Microsoft Visual Studio Solution File, Format Version 12.00
# Visual Studio Version 16
VisualStudioVersion = 16.0.31129.286
MinimumVisualStudioVersion = 10.0.40219.1
Project("{FAE04EC0-301F-11D3-BF4B-00C04F79EFBC}") = "TransportManagementFEProject", "TransportManagementFEProject\TransportManagementFEProject.csproj", "{16779483-0A4B-44DA-9BFF-73E9EBAE1331}"
EndProject
Project("{FAE04EC0-301F-11D3-BF4B-00C04F79EFBC}") = "TransportManagementBLLibrary", "TransportManagementBLLibrary\TransportManagementBLLibrary.csproj", "{DCD9EA8D-81F5-4354-8808-B4C68CB48B61}"
EndProject
Global
	GlobalSection(SolutionConfigurationPlatforms) = preSolution
		Debug|Any CPU = Debug|Any CPU
		Release|Any CPU = Release|Any CPU
	EndGlobalSection
	GlobalSection(ProjectConfigurationPlatforms) = postSolution
		{16779483-0A4B-44DA-9BFF-73E9EBAE1331}.Debug|Any CPU.ActiveCfg = Debug|Any CPU
		{16779483-0A4B-44DA-9BFF-73E9EBAE1331}.Debug|Any CPU.Build.0 = Debug|Any CPU
		{16779483-0A4B-44DA-9BFF-73E9EBAE1331}.Release|Any CPU.ActiveCfg = Release|Any CPU
		{16779483-0A4B-44DA-9BFF-73E9EBAE1331}.Release|Any CPU.Build.0 = Release|Any CPU
		{DCD9EA8D-81F5-4354-8808-B4C68CB48B61}.Debug|Any CPU.ActiveCfg = Debug|Any CPU
		{DCD9EA8D-81F5-4354-8808-B4C68CB48B61}.Debug|Any CPU.Build.0 = Debug|Any CPU
		{DCD9EA8D-81F5-4354-8808-B4C68CB48B61}.Release|Any CPU.ActiveCfg = Release|Any CPU
		{DCD9EA8D-81F5-4354-8808-B4C68CB48B61}.Release|Any CPU.Build.0 = Release|Any CPU
	EndGlobalSection
	GlobalSection(SolutionProperties) = preSolution
		HideSolutionNode = FALSE
	EndGlobalSection
	GlobalSection(ExtensibilityGlobals) = postSolution
		SolutionGuid = {CBBCB627-BCE4-4230-A994-4D16B77DA3D1}
	EndGlobalSection
EndGlobal
