
Microsoft Visual Studio Solution File, Format Version 12.00
# Visual Studio Version 16
VisualStudioVersion = 16.0.31129.286
MinimumVisualStudioVersion = 10.0.40219.1
Project("{FAE04EC0-301F-11D3-BF4B-00C04F79EFBC}") = "task1inWebApp", "task1inWebApp\task1inWebApp.csproj", "{4A97A0C3-0198-4896-BDE4-7D994C147F13}"
EndProject
Global
	GlobalSection(SolutionConfigurationPlatforms) = preSolution
		Debug|Any CPU = Debug|Any CPU
		Release|Any CPU = Release|Any CPU
	EndGlobalSection
	GlobalSection(ProjectConfigurationPlatforms) = postSolution
		{4A97A0C3-0198-4896-BDE4-7D994C147F13}.Debug|Any CPU.ActiveCfg = Debug|Any CPU
		{4A97A0C3-0198-4896-BDE4-7D994C147F13}.Debug|Any CPU.Build.0 = Debug|Any CPU
		{4A97A0C3-0198-4896-BDE4-7D994C147F13}.Release|Any CPU.ActiveCfg = Release|Any CPU
		{4A97A0C3-0198-4896-BDE4-7D994C147F13}.Release|Any CPU.Build.0 = Release|Any CPU
	EndGlobalSection
	GlobalSection(SolutionProperties) = preSolution
		HideSolutionNode = FALSE
	EndGlobalSection
	GlobalSection(ExtensibilityGlobals) = postSolution
		SolutionGuid = {E33C9DA5-21AD-4FAA-915C-17B16CE4D10C}
	EndGlobalSection
EndGlobal
